
Microsoft Visual Studio Solution File, Format Version 12.00
# Visual Studio Version 17
VisualStudioVersion = 17.13.35825.156 d17.13
MinimumVisualStudioVersion = 10.0.40219.1
Project("{FAE04EC0-301F-11D3-BF4B-00C04F79EFBC}") = "BookManageSystem", "BookManageSystem\BookManageSystem.csproj", "{3E3175D9-81B8-472E-8E39-3C9E26268CB8}"
EndProject
Global
	GlobalSection(SolutionConfigurationPlatforms) = preSolution
		Debug|Any CPU = Debug|Any CPU
		Release|Any CPU = Release|Any CPU
	EndGlobalSection
	GlobalSection(ProjectConfigurationPlatforms) = postSolution
		{3E3175D9-81B8-472E-8E39-3C9E26268CB8}.Debug|Any CPU.ActiveCfg = Debug|Any CPU
		{3E3175D9-81B8-472E-8E39-3C9E26268CB8}.Debug|Any CPU.Build.0 = Debug|Any CPU
		{3E3175D9-81B8-472E-8E39-3C9E26268CB8}.Release|Any CPU.ActiveCfg = Release|Any CPU
		{3E3175D9-81B8-472E-8E39-3C9E26268CB8}.Release|Any CPU.Build.0 = Release|Any CPU
	EndGlobalSection
	GlobalSection(SolutionProperties) = preSolution
		HideSolutionNode = FALSE
	EndGlobalSection
	GlobalSection(ExtensibilityGlobals) = postSolution
		SolutionGuid = {C9197F45-294C-4EE3-A8E3-7A12BC5ECB6D}
	EndGlobalSection
EndGlobal
